
Microsoft Visual Studio Solution File, Format Version 12.00
# Visual Studio Version 16
VisualStudioVersion = 16.0.31727.386
MinimumVisualStudioVersion = 10.0.40219.1
Project("{FAE04EC0-301F-11D3-BF4B-00C04F79EFBC}") = "FreshFruits", "FreshFruits\FreshFruits.csproj", "{DCC077E4-0E3C-4710-A4D2-A69E88953C87}"
EndProject
Global
	GlobalSection(SolutionConfigurationPlatforms) = preSolution
		Debug|Any CPU = Debug|Any CPU
		Release|Any CPU = Release|Any CPU
	EndGlobalSection
	GlobalSection(ProjectConfigurationPlatforms) = postSolution
		{DCC077E4-0E3C-4710-A4D2-A69E88953C87}.Debug|Any CPU.ActiveCfg = Debug|Any CPU
		{DCC077E4-0E3C-4710-A4D2-A69E88953C87}.Debug|Any CPU.Build.0 = Debug|Any CPU
		{DCC077E4-0E3C-4710-A4D2-A69E88953C87}.Release|Any CPU.ActiveCfg = Release|Any CPU
		{DCC077E4-0E3C-4710-A4D2-A69E88953C87}.Release|Any CPU.Build.0 = Release|Any CPU
	EndGlobalSection
	GlobalSection(SolutionProperties) = preSolution
		HideSolutionNode = FALSE
	EndGlobalSection
	GlobalSection(ExtensibilityGlobals) = postSolution
		SolutionGuid = {1765E9AE-DDE6-4553-B807-397C7CF86D14}
	EndGlobalSection
EndGlobal
